
Microsoft Visual Studio Solution File, Format Version 12.00
# Visual Studio Version 17
VisualStudioVersion = 17.0.31903.59
MinimumVisualStudioVersion = 10.0.40219.1
Project("{2150E333-8FDC-42A3-9474-1A3956D46DE8}") = "src", "src", "{80CB8950-28D0-4A87-997E-1AC3234441D1}"
EndProject
Project("{FAE04EC0-301F-11D3-BF4B-00C04F79EFBC}") = "Patterns", "Patterns\Patterns.csproj", "{3D585DEF-065C-4C3E-9C24-84E013FA67D4}"
EndProject
Project("{FAE04EC0-301F-11D3-BF4B-00C04F79EFBC}") = "Patterns.Console", "Patterns.Console\Patterns.Console.csproj", "{48B295A0-D16C-4675-AADD-88E0813E6BE2}"
EndProject
Global
	GlobalSection(SolutionConfigurationPlatforms) = preSolution
		Debug|Any CPU = Debug|Any CPU
		Release|Any CPU = Release|Any CPU
	EndGlobalSection
	GlobalSection(SolutionProperties) = preSolution
		HideSolutionNode = FALSE
	EndGlobalSection
	GlobalSection(NestedProjects) = preSolution
		{3D585DEF-065C-4C3E-9C24-84E013FA67D4} = {80CB8950-28D0-4A87-997E-1AC3234441D1}
		{48B295A0-D16C-4675-AADD-88E0813E6BE2} = {80CB8950-28D0-4A87-997E-1AC3234441D1}
	EndGlobalSection
	GlobalSection(ProjectConfigurationPlatforms) = postSolution
		{3D585DEF-065C-4C3E-9C24-84E013FA67D4}.Debug|Any CPU.ActiveCfg = Debug|Any CPU
		{3D585DEF-065C-4C3E-9C24-84E013FA67D4}.Debug|Any CPU.Build.0 = Debug|Any CPU
		{3D585DEF-065C-4C3E-9C24-84E013FA67D4}.Release|Any CPU.ActiveCfg = Release|Any CPU
		{3D585DEF-065C-4C3E-9C24-84E013FA67D4}.Release|Any CPU.Build.0 = Release|Any CPU
		{48B295A0-D16C-4675-AADD-88E0813E6BE2}.Debug|Any CPU.ActiveCfg = Debug|Any CPU
		{48B295A0-D16C-4675-AADD-88E0813E6BE2}.Debug|Any CPU.Build.0 = Debug|Any CPU
		{48B295A0-D16C-4675-AADD-88E0813E6BE2}.Release|Any CPU.ActiveCfg = Release|Any CPU
		{48B295A0-D16C-4675-AADD-88E0813E6BE2}.Release|Any CPU.Build.0 = Release|Any CPU
	EndGlobalSection
EndGlobal
